
Microsoft Visual Studio Solution File, Format Version 12.00
# Visual Studio Version 17
VisualStudioVersion = 17.1.32210.238
MinimumVisualStudioVersion = 10.0.40219.1
Project("{FAE04EC0-301F-11D3-BF4B-00C04F79EFBC}") = "TashMedya İnstagram Creator", "InstaOpener2\TashMedya İnstagram Creator.csproj", "{58442163-28B9-4104-A2BC-613D7058DAB7}"
EndProject
Global
	GlobalSection(SolutionConfigurationPlatforms) = preSolution
		Debug|Any CPU = Debug|Any CPU
		Release|Any CPU = Release|Any CPU
	EndGlobalSection
	GlobalSection(ProjectConfigurationPlatforms) = postSolution
		{58442163-28B9-4104-A2BC-613D7058DAB7}.Debug|Any CPU.ActiveCfg = Debug|Any CPU
		{58442163-28B9-4104-A2BC-613D7058DAB7}.Debug|Any CPU.Build.0 = Debug|Any CPU
		{58442163-28B9-4104-A2BC-613D7058DAB7}.Release|Any CPU.ActiveCfg = Release|Any CPU
		{58442163-28B9-4104-A2BC-613D7058DAB7}.Release|Any CPU.Build.0 = Release|Any CPU
	EndGlobalSection
	GlobalSection(SolutionProperties) = preSolution
		HideSolutionNode = FALSE
	EndGlobalSection
	GlobalSection(ExtensibilityGlobals) = postSolution
		SolutionGuid = {DB3D7502-42B7-4AD3-81C8-0615CEBEADB5}
	EndGlobalSection
EndGlobal
